{
	"name": "p5play-template",
	"version": "1.6.0",
	"lockfileVersion": 3,
	"requires": true,
	"packages": {
		"": {
			"name": "p5play-template",
			"version": "1.6.0",
			"license": "CC0",
			"dependencies": {
				"p5play": "^3.29.2",
				"q5": "^3.0.3"
			}
		},
		"node_modules/p5play": {
			"version": "3.29.2",
			"resolved": "https://registry.npmjs.org/p5play/-/p5play-3.29.2.tgz",
			"integrity": "sha512-NtEyOuHKErvRexyfx0p9zTk27gQ5LGWemIMhIXFxIa8RBotb0nQclxsm3t6lpW+Qrrb8FPAGICcO1neW9A9Y0A==",
			"funding": [
				{
					"type": "patreon",
					"url": "https://www.patreon.com/q5play"
				},
				{
					"type": "ko-fi",
					"url": "https://ko-fi.com/q5play"
				},
				{
					"type": "github",
					"url": "https://github.com/sponsors/quinton-ashley"
				}
			],
			"license": "p5play Personal License"
		},
		"node_modules/q5": {
			"version": "3.0.3",
			"resolved": "https://registry.npmjs.org/q5/-/q5-3.0.3.tgz",
			"integrity": "sha512-WQfzVAFwIRlqsSGGGjH54oqOh4vhZjxj8Mc2TO/yv8lAphIvU0xBSrfqhpstDmfcfc3Geg/8MPul7UBdX49AVw==",
			"funding": [
				{
					"type": "patreon",
					"url": "https://www.patreon.com/q5play"
				},
				{
					"type": "ko-fi",
					"url": "https://ko-fi.com/q5play"
				},
				{
					"type": "github",
					"url": "https://github.com/sponsors/quinton-ashley"
				}
			],
			"license": "LGPL-3.0"
		}
	}
}
